
Microsoft Visual Studio Solution File, Format Version 12.00
Project("{2150E333-8FDC-42A3-9474-1A3956D46DE8}") = "FoodRocket.ApiGateway", "FoodRocket.ApiGateway", "{C70D0B68-A5D0-436C-90E5-D8092B3E9086}"
EndProject
Project("{2150E333-8FDC-42A3-9474-1A3956D46DE8}") = "FoodRocket.Services.Customers", "FoodRocket.Services.Customers", "{1B6D1D21-18DF-44FB-88A2-E750E732A5DE}"
EndProject
Project("{2150E333-8FDC-42A3-9474-1A3956D46DE8}") = "FoodRocket.Services.Identity", "FoodRocket.Services.Identity", "{86C790D3-6A77-49EE-BB94-807CC9B16406}"
EndProject
Project("{2150E333-8FDC-42A3-9474-1A3956D46DE8}") = "FoodRocket.Services.Inventory", "FoodRocket.Services.Inventory", "{F5254FBC-2BCE-47CD-AEA9-1EFB39DFDE41}"
EndProject
Project("{2150E333-8FDC-42A3-9474-1A3956D46DE8}") = "FoodRocket.Services.Orders", "FoodRocket.Services.Orders", "{710F7086-7BA6-4D83-BB6D-6409EC64904B}"
EndProject
Project("{2150E333-8FDC-42A3-9474-1A3956D46DE8}") = "FoodRocket.Services.Organizations", "FoodRocket.Services.Organizations", "{32534047-A932-4589-9FC4-1849458EDAEB}"
EndProject
Project("{2150E333-8FDC-42A3-9474-1A3956D46DE8}") = "FoodRocket.Services.Payments", "FoodRocket.Services.Payments", "{1C705A48-965F-4CD6-A0BC-6D7A05D38FC0}"
EndProject
Project("{2150E333-8FDC-42A3-9474-1A3956D46DE8}") = "FoodRocket.Services.Staff", "FoodRocket.Services.Staff", "{2B2C97E1-90C0-4790-A7DE-E57B6A86D295}"
EndProject
Project("{2150E333-8FDC-42A3-9474-1A3956D46DE8}") = "FoodRocket.Services.Tornado", "FoodRocket.Services.Tornado", "{04040BB9-B3D8-4CE1-AD0B-4F8A6477F59E}"
EndProject
Project("{2150E333-8FDC-42A3-9474-1A3956D46DE8}") = "src", "src", "{55A1A17A-B63E-4EF7-BC1E-1BD2A863BC5D}"
EndProject
Project("{2150E333-8FDC-42A3-9474-1A3956D46DE8}") = "tests", "tests", "{DBA0606C-FB51-4361-8C9C-C6D6C9B78422}"
EndProject
Project("{2150E333-8FDC-42A3-9474-1A3956D46DE8}") = "src", "src", "{2D6DF65D-CEBB-4922-90E7-F94678D6F0A5}"
EndProject
Project("{2150E333-8FDC-42A3-9474-1A3956D46DE8}") = "tests", "tests", "{57354964-53BC-48DB-82EB-83ABC44300E8}"
EndProject
Project("{2150E333-8FDC-42A3-9474-1A3956D46DE8}") = "src", "src", "{6DCE5063-2ECC-4F13-B0C1-17ACCF6515A9}"
EndProject
Project("{2150E333-8FDC-42A3-9474-1A3956D46DE8}") = "tests", "tests", "{02896356-6AFB-4FAA-8211-B3EF4DA6375B}"
EndProject
Project("{2150E333-8FDC-42A3-9474-1A3956D46DE8}") = "src", "src", "{A9297CB7-EB72-4808-8522-9306AFAB9817}"
EndProject
Project("{2150E333-8FDC-42A3-9474-1A3956D46DE8}") = "tests", "tests", "{8AEB4066-8B65-4131-AA29-E996635B5DF1}"
EndProject
Project("{2150E333-8FDC-42A3-9474-1A3956D46DE8}") = "src", "src", "{EF80D931-B0D2-4640-B787-FBB3E0A2CB47}"
EndProject
Project("{2150E333-8FDC-42A3-9474-1A3956D46DE8}") = "tests", "tests", "{3CE5460A-5933-4C84-91CF-A88AC14CE364}"
EndProject
Project("{2150E333-8FDC-42A3-9474-1A3956D46DE8}") = "src", "src", "{57E18D0A-37B8-4B24-9D29-BD502AC3E0BB}"
EndProject
Project("{2150E333-8FDC-42A3-9474-1A3956D46DE8}") = "tests", "tests", "{9067DD5A-102E-452B-A856-F649756BB203}"
EndProject
Project("{2150E333-8FDC-42A3-9474-1A3956D46DE8}") = "src", "src", "{355CEDF8-BBB1-42FE-895C-12D1048BAED6}"
EndProject
Project("{2150E333-8FDC-42A3-9474-1A3956D46DE8}") = "tests", "tests", "{D7561685-0129-4ABF-BA9F-6B84FAD623B1}"
EndProject
Project("{2150E333-8FDC-42A3-9474-1A3956D46DE8}") = "src", "src", "{12E5249E-CFF1-47FC-B680-A86BC634048A}"
EndProject
Project("{2150E333-8FDC-42A3-9474-1A3956D46DE8}") = "tests", "tests", "{0CDB6AC9-6494-4347-8074-FA66E7DC480B}"
EndProject
Project("{2150E333-8FDC-42A3-9474-1A3956D46DE8}") = "src", "src", "{30C0108F-C124-42E6-8CE3-7D1B50054106}"
EndProject
Project("{2150E333-8FDC-42A3-9474-1A3956D46DE8}") = "tests", "tests", "{1361A3F3-D71F-41E5-9AEF-F9C48BEAFD40}"
EndProject
Project("{FAE04EC0-301F-11D3-BF4B-00C04F79EFBC}") = "FoodRocket.Services.Identity.Api", "..\FoodRocket.Services.Identity\src\FoodRocket.Services.Identity.Api\FoodRocket.Services.Identity.Api.csproj", "{A121E4BB-6350-4369-AF6C-5FD3AB5736A6}"
EndProject
Project("{FAE04EC0-301F-11D3-BF4B-00C04F79EFBC}") = "FoodRocket.Services.Identity.Application", "..\FoodRocket.Services.Identity\src\FoodRocket.Services.Identity.Application\FoodRocket.Services.Identity.Application.csproj", "{B16BED34-49D0-4277-8F05-535189ED9233}"
EndProject
Project("{FAE04EC0-301F-11D3-BF4B-00C04F79EFBC}") = "FoodRocket.Services.Identity.Core", "..\FoodRocket.Services.Identity\src\FoodRocket.Services.Identity.Core\FoodRocket.Services.Identity.Core.csproj", "{7F24E3A1-74E1-4BB0-9B50-812D85AA860B}"
EndProject
Project("{FAE04EC0-301F-11D3-BF4B-00C04F79EFBC}") = "FoodRocket.Services.Identity.Infrastructure", "..\FoodRocket.Services.Identity\src\FoodRocket.Services.Identity.Infrastructure\FoodRocket.Services.Identity.Infrastructure.csproj", "{F1C36637-329F-47CE-B9D2-BA90331CBBE3}"
EndProject
Project("{FAE04EC0-301F-11D3-BF4B-00C04F79EFBC}") = "FoodRocket.DBContext", "..\FoodRocket.Services.Inventory\src\FoodRocket.DBContext\FoodRocket.DBContext.csproj", "{97F2E5C8-DBA2-408C-8B45-30DF601ED489}"
EndProject
Project("{FAE04EC0-301F-11D3-BF4B-00C04F79EFBC}") = "FoodRocket.Services.Inventory.Api", "..\FoodRocket.Services.Inventory\src\FoodRocket.Services.Inventory.Api\FoodRocket.Services.Inventory.Api.csproj", "{23E22CD2-8BF3-499B-8D98-E1A6787249BE}"
EndProject
Project("{FAE04EC0-301F-11D3-BF4B-00C04F79EFBC}") = "FoodRocket.Services.Inventory.Application", "..\FoodRocket.Services.Inventory\src\FoodRocket.Services.Inventory.Application\FoodRocket.Services.Inventory.Application.csproj", "{28A9B2F0-6BB0-4420-A951-54229E4A0AA1}"
EndProject
Project("{FAE04EC0-301F-11D3-BF4B-00C04F79EFBC}") = "FoodRocket.Services.Inventory.Core", "..\FoodRocket.Services.Inventory\src\FoodRocket.Services.Inventory.Core\FoodRocket.Services.Inventory.Core.csproj", "{D7C5E616-8E2E-4D84-B6BF-61118613B1A6}"
EndProject
Project("{FAE04EC0-301F-11D3-BF4B-00C04F79EFBC}") = "FoodRocket.Services.Inventory.Infrastructure", "..\FoodRocket.Services.Inventory\src\FoodRocket.Services.Inventory.Infrastructure\FoodRocket.Services.Inventory.Infrastructure.csproj", "{FCD50DA2-3EBA-4A3A-8999-AF86975806B3}"
EndProject
Project("{FAE04EC0-301F-11D3-BF4B-00C04F79EFBC}") = "FoodRocket.Services.Tornado.Api", "..\FoodRocket.Services.Tornado\src\FoodRocket.Services.Tornado.Api\FoodRocket.Services.Tornado.Api.csproj", "{DCBE6B4A-3FD9-4078-8DF6-177D4BEEC31A}"
EndProject
Project("{FAE04EC0-301F-11D3-BF4B-00C04F79EFBC}") = "FoodRocket.Services.Tornado.Application", "..\FoodRocket.Services.Tornado\src\FoodRocket.Services.Tornado.Application\FoodRocket.Services.Tornado.Application.csproj", "{F70512C3-CF7F-4F70-AFE3-7F62EA2C2140}"
EndProject
Project("{FAE04EC0-301F-11D3-BF4B-00C04F79EFBC}") = "FoodRocket.Services.Tornado.Infrastructure", "..\FoodRocket.Services.Tornado\src\FoodRocket.Services.Tornado.Infrastructure\FoodRocket.Services.Tornado.Infrastructure.csproj", "{18ABCE50-4854-4B9D-8D72-6E471E64D4BE}"
EndProject
Global
	GlobalSection(SolutionConfigurationPlatforms) = preSolution
		Debug|Any CPU = Debug|Any CPU
		Release|Any CPU = Release|Any CPU
	EndGlobalSection
	GlobalSection(NestedProjects) = preSolution
		{55A1A17A-B63E-4EF7-BC1E-1BD2A863BC5D} = {C70D0B68-A5D0-436C-90E5-D8092B3E9086}
		{DBA0606C-FB51-4361-8C9C-C6D6C9B78422} = {C70D0B68-A5D0-436C-90E5-D8092B3E9086}
		{2D6DF65D-CEBB-4922-90E7-F94678D6F0A5} = {1B6D1D21-18DF-44FB-88A2-E750E732A5DE}
		{57354964-53BC-48DB-82EB-83ABC44300E8} = {1B6D1D21-18DF-44FB-88A2-E750E732A5DE}
		{6DCE5063-2ECC-4F13-B0C1-17ACCF6515A9} = {86C790D3-6A77-49EE-BB94-807CC9B16406}
		{02896356-6AFB-4FAA-8211-B3EF4DA6375B} = {86C790D3-6A77-49EE-BB94-807CC9B16406}
		{A9297CB7-EB72-4808-8522-9306AFAB9817} = {F5254FBC-2BCE-47CD-AEA9-1EFB39DFDE41}
		{8AEB4066-8B65-4131-AA29-E996635B5DF1} = {F5254FBC-2BCE-47CD-AEA9-1EFB39DFDE41}
		{EF80D931-B0D2-4640-B787-FBB3E0A2CB47} = {710F7086-7BA6-4D83-BB6D-6409EC64904B}
		{3CE5460A-5933-4C84-91CF-A88AC14CE364} = {710F7086-7BA6-4D83-BB6D-6409EC64904B}
		{57E18D0A-37B8-4B24-9D29-BD502AC3E0BB} = {32534047-A932-4589-9FC4-1849458EDAEB}
		{9067DD5A-102E-452B-A856-F649756BB203} = {32534047-A932-4589-9FC4-1849458EDAEB}
		{355CEDF8-BBB1-42FE-895C-12D1048BAED6} = {1C705A48-965F-4CD6-A0BC-6D7A05D38FC0}
		{D7561685-0129-4ABF-BA9F-6B84FAD623B1} = {1C705A48-965F-4CD6-A0BC-6D7A05D38FC0}
		{12E5249E-CFF1-47FC-B680-A86BC634048A} = {2B2C97E1-90C0-4790-A7DE-E57B6A86D295}
		{0CDB6AC9-6494-4347-8074-FA66E7DC480B} = {2B2C97E1-90C0-4790-A7DE-E57B6A86D295}
		{30C0108F-C124-42E6-8CE3-7D1B50054106} = {04040BB9-B3D8-4CE1-AD0B-4F8A6477F59E}
		{1361A3F3-D71F-41E5-9AEF-F9C48BEAFD40} = {04040BB9-B3D8-4CE1-AD0B-4F8A6477F59E}
		{A121E4BB-6350-4369-AF6C-5FD3AB5736A6} = {6DCE5063-2ECC-4F13-B0C1-17ACCF6515A9}
		{B16BED34-49D0-4277-8F05-535189ED9233} = {6DCE5063-2ECC-4F13-B0C1-17ACCF6515A9}
		{7F24E3A1-74E1-4BB0-9B50-812D85AA860B} = {6DCE5063-2ECC-4F13-B0C1-17ACCF6515A9}
		{F1C36637-329F-47CE-B9D2-BA90331CBBE3} = {6DCE5063-2ECC-4F13-B0C1-17ACCF6515A9}
		{97F2E5C8-DBA2-408C-8B45-30DF601ED489} = {A9297CB7-EB72-4808-8522-9306AFAB9817}
		{23E22CD2-8BF3-499B-8D98-E1A6787249BE} = {A9297CB7-EB72-4808-8522-9306AFAB9817}
		{28A9B2F0-6BB0-4420-A951-54229E4A0AA1} = {A9297CB7-EB72-4808-8522-9306AFAB9817}
		{D7C5E616-8E2E-4D84-B6BF-61118613B1A6} = {A9297CB7-EB72-4808-8522-9306AFAB9817}
		{FCD50DA2-3EBA-4A3A-8999-AF86975806B3} = {A9297CB7-EB72-4808-8522-9306AFAB9817}
		{DCBE6B4A-3FD9-4078-8DF6-177D4BEEC31A} = {30C0108F-C124-42E6-8CE3-7D1B50054106}
		{F70512C3-CF7F-4F70-AFE3-7F62EA2C2140} = {30C0108F-C124-42E6-8CE3-7D1B50054106}
		{18ABCE50-4854-4B9D-8D72-6E471E64D4BE} = {30C0108F-C124-42E6-8CE3-7D1B50054106}
	EndGlobalSection
	GlobalSection(ProjectConfigurationPlatforms) = postSolution
		{A121E4BB-6350-4369-AF6C-5FD3AB5736A6}.Debug|Any CPU.ActiveCfg = Debug|Any CPU
		{A121E4BB-6350-4369-AF6C-5FD3AB5736A6}.Debug|Any CPU.Build.0 = Debug|Any CPU
		{A121E4BB-6350-4369-AF6C-5FD3AB5736A6}.Release|Any CPU.ActiveCfg = Release|Any CPU
		{A121E4BB-6350-4369-AF6C-5FD3AB5736A6}.Release|Any CPU.Build.0 = Release|Any CPU
		{B16BED34-49D0-4277-8F05-535189ED9233}.Debug|Any CPU.ActiveCfg = Debug|Any CPU
		{B16BED34-49D0-4277-8F05-535189ED9233}.Debug|Any CPU.Build.0 = Debug|Any CPU
		{B16BED34-49D0-4277-8F05-535189ED9233}.Release|Any CPU.ActiveCfg = Release|Any CPU
		{B16BED34-49D0-4277-8F05-535189ED9233}.Release|Any CPU.Build.0 = Release|Any CPU
		{7F24E3A1-74E1-4BB0-9B50-812D85AA860B}.Debug|Any CPU.ActiveCfg = Debug|Any CPU
		{7F24E3A1-74E1-4BB0-9B50-812D85AA860B}.Debug|Any CPU.Build.0 = Debug|Any CPU
		{7F24E3A1-74E1-4BB0-9B50-812D85AA860B}.Release|Any CPU.ActiveCfg = Release|Any CPU
		{7F24E3A1-74E1-4BB0-9B50-812D85AA860B}.Release|Any CPU.Build.0 = Release|Any CPU
		{F1C36637-329F-47CE-B9D2-BA90331CBBE3}.Debug|Any CPU.ActiveCfg = Debug|Any CPU
		{F1C36637-329F-47CE-B9D2-BA90331CBBE3}.Debug|Any CPU.Build.0 = Debug|Any CPU
		{F1C36637-329F-47CE-B9D2-BA90331CBBE3}.Release|Any CPU.ActiveCfg = Release|Any CPU
		{F1C36637-329F-47CE-B9D2-BA90331CBBE3}.Release|Any CPU.Build.0 = Release|Any CPU
		{97F2E5C8-DBA2-408C-8B45-30DF601ED489}.Debug|Any CPU.ActiveCfg = Debug|Any CPU
		{97F2E5C8-DBA2-408C-8B45-30DF601ED489}.Debug|Any CPU.Build.0 = Debug|Any CPU
		{97F2E5C8-DBA2-408C-8B45-30DF601ED489}.Release|Any CPU.ActiveCfg = Release|Any CPU
		{97F2E5C8-DBA2-408C-8B45-30DF601ED489}.Release|Any CPU.Build.0 = Release|Any CPU
		{23E22CD2-8BF3-499B-8D98-E1A6787249BE}.Debug|Any CPU.ActiveCfg = Debug|Any CPU
		{23E22CD2-8BF3-499B-8D98-E1A6787249BE}.Debug|Any CPU.Build.0 = Debug|Any CPU
		{23E22CD2-8BF3-499B-8D98-E1A6787249BE}.Release|Any CPU.ActiveCfg = Release|Any CPU
		{23E22CD2-8BF3-499B-8D98-E1A6787249BE}.Release|Any CPU.Build.0 = Release|Any CPU
		{28A9B2F0-6BB0-4420-A951-54229E4A0AA1}.Debug|Any CPU.ActiveCfg = Debug|Any CPU
		{28A9B2F0-6BB0-4420-A951-54229E4A0AA1}.Debug|Any CPU.Build.0 = Debug|Any CPU
		{28A9B2F0-6BB0-4420-A951-54229E4A0AA1}.Release|Any CPU.ActiveCfg = Release|Any CPU
		{28A9B2F0-6BB0-4420-A951-54229E4A0AA1}.Release|Any CPU.Build.0 = Release|Any CPU
		{D7C5E616-8E2E-4D84-B6BF-61118613B1A6}.Debug|Any CPU.ActiveCfg = Debug|Any CPU
		{D7C5E616-8E2E-4D84-B6BF-61118613B1A6}.Debug|Any CPU.Build.0 = Debug|Any CPU
		{D7C5E616-8E2E-4D84-B6BF-61118613B1A6}.Release|Any CPU.ActiveCfg = Release|Any CPU
		{D7C5E616-8E2E-4D84-B6BF-61118613B1A6}.Release|Any CPU.Build.0 = Release|Any CPU
		{FCD50DA2-3EBA-4A3A-8999-AF86975806B3}.Debug|Any CPU.ActiveCfg = Debug|Any CPU
		{FCD50DA2-3EBA-4A3A-8999-AF86975806B3}.Debug|Any CPU.Build.0 = Debug|Any CPU
		{FCD50DA2-3EBA-4A3A-8999-AF86975806B3}.Release|Any CPU.ActiveCfg = Release|Any CPU
		{FCD50DA2-3EBA-4A3A-8999-AF86975806B3}.Release|Any CPU.Build.0 = Release|Any CPU
		{DCBE6B4A-3FD9-4078-8DF6-177D4BEEC31A}.Debug|Any CPU.ActiveCfg = Debug|Any CPU
		{DCBE6B4A-3FD9-4078-8DF6-177D4BEEC31A}.Debug|Any CPU.Build.0 = Debug|Any CPU
		{DCBE6B4A-3FD9-4078-8DF6-177D4BEEC31A}.Release|Any CPU.ActiveCfg = Release|Any CPU
		{DCBE6B4A-3FD9-4078-8DF6-177D4BEEC31A}.Release|Any CPU.Build.0 = Release|Any CPU
		{F70512C3-CF7F-4F70-AFE3-7F62EA2C2140}.Debug|Any CPU.ActiveCfg = Debug|Any CPU
		{F70512C3-CF7F-4F70-AFE3-7F62EA2C2140}.Debug|Any CPU.Build.0 = Debug|Any CPU
		{F70512C3-CF7F-4F70-AFE3-7F62EA2C2140}.Release|Any CPU.ActiveCfg = Release|Any CPU
		{F70512C3-CF7F-4F70-AFE3-7F62EA2C2140}.Release|Any CPU.Build.0 = Release|Any CPU
		{18ABCE50-4854-4B9D-8D72-6E471E64D4BE}.Debug|Any CPU.ActiveCfg = Debug|Any CPU
		{18ABCE50-4854-4B9D-8D72-6E471E64D4BE}.Debug|Any CPU.Build.0 = Debug|Any CPU
		{18ABCE50-4854-4B9D-8D72-6E471E64D4BE}.Release|Any CPU.ActiveCfg = Release|Any CPU
		{18ABCE50-4854-4B9D-8D72-6E471E64D4BE}.Release|Any CPU.Build.0 = Release|Any CPU
	EndGlobalSection
EndGlobal
