
Microsoft Visual Studio Solution File, Format Version 12.00
Project("{2150E333-8FDC-42A3-9474-1A3956D46DE8}") = "FoodRocket.ApiGateway", "FoodRocket.ApiGateway", "{1C2085FB-771B-4BEA-8474-3B088AA7DC5C}"
EndProject
Project("{2150E333-8FDC-42A3-9474-1A3956D46DE8}") = "src", "src", "{5EEF0784-02D8-4423-A4E9-55313781BD72}"
EndProject
Project("{2150E333-8FDC-42A3-9474-1A3956D46DE8}") = "tests", "tests", "{D9B045C8-FF18-42AD-90FA-69B5A5C5F329}"
EndProject
Project("{2150E333-8FDC-42A3-9474-1A3956D46DE8}") = "FoodRocket.Services.Customers", "FoodRocket.Services.Customers", "{CBD030EF-30C8-4EB8-942A-CA5FFF167FC8}"
EndProject
Project("{2150E333-8FDC-42A3-9474-1A3956D46DE8}") = "src", "src", "{0F28CEEE-4ACC-44F2-8752-057E788B9359}"
EndProject
Project("{2150E333-8FDC-42A3-9474-1A3956D46DE8}") = "tests", "tests", "{0C5B7079-C28D-4A33-87B3-47F9AF566388}"
EndProject
Project("{2150E333-8FDC-42A3-9474-1A3956D46DE8}") = "FoodRocket.Services.Identity", "FoodRocket.Services.Identity", "{4E9A390E-314E-42BD-9199-9580B87E0808}"
EndProject
Project("{2150E333-8FDC-42A3-9474-1A3956D46DE8}") = "src", "src", "{E22D9765-66B6-4283-81D7-69AB45F92508}"
EndProject
Project("{2150E333-8FDC-42A3-9474-1A3956D46DE8}") = "tests", "tests", "{93E51F4F-16C1-4BA9-8562-350AE5FC9650}"
EndProject
Project("{2150E333-8FDC-42A3-9474-1A3956D46DE8}") = "FoodRocket.Services.Inventory", "FoodRocket.Services.Inventory", "{2C22FF73-8DD7-44C8-900C-D0E4CC115097}"
EndProject
Project("{2150E333-8FDC-42A3-9474-1A3956D46DE8}") = "src", "src", "{1FFB836B-03D4-435F-BFED-36242BA5AECF}"
EndProject
Project("{2150E333-8FDC-42A3-9474-1A3956D46DE8}") = "tests", "tests", "{38628D73-42F5-490E-AC61-789AFEB97724}"
EndProject
Project("{2150E333-8FDC-42A3-9474-1A3956D46DE8}") = "FoodRocket.Services.Orders", "FoodRocket.Services.Orders", "{8DD4FBBE-7608-4618-8A58-3ECDF414BE81}"
EndProject
Project("{2150E333-8FDC-42A3-9474-1A3956D46DE8}") = "src", "src", "{DE55F94B-0345-4192-8268-76D5F598122C}"
EndProject
Project("{2150E333-8FDC-42A3-9474-1A3956D46DE8}") = "tests", "tests", "{615BD06C-C81F-452C-953D-C6AC7D7480C2}"
EndProject
Project("{2150E333-8FDC-42A3-9474-1A3956D46DE8}") = "FoodRocket.Services.Organizations", "FoodRocket.Services.Organizations", "{D3B53E1E-777D-41F8-914A-DC498E2D2951}"
EndProject
Project("{2150E333-8FDC-42A3-9474-1A3956D46DE8}") = "src", "src", "{D5510F6C-DD1E-4907-AB79-2CF7332BA879}"
EndProject
Project("{2150E333-8FDC-42A3-9474-1A3956D46DE8}") = "tests", "tests", "{EFABC17F-FBC9-468E-9C30-EEB3B993C095}"
EndProject
Project("{2150E333-8FDC-42A3-9474-1A3956D46DE8}") = "FoodRocket.Services.Payments", "FoodRocket.Services.Payments", "{53BB974A-2BD4-485B-B7EF-AF912905E287}"
EndProject
Project("{2150E333-8FDC-42A3-9474-1A3956D46DE8}") = "src", "src", "{FE287896-2615-4947-A6C0-C4DE65B77DC1}"
EndProject
Project("{2150E333-8FDC-42A3-9474-1A3956D46DE8}") = "tests", "tests", "{931FB267-7886-4D19-85A9-3F12B94BB36A}"
EndProject
Project("{2150E333-8FDC-42A3-9474-1A3956D46DE8}") = "FoodRocket.Services.Staff", "FoodRocket.Services.Staff", "{34407AE5-2BF2-4C37-97F5-804325D683F1}"
EndProject
Project("{2150E333-8FDC-42A3-9474-1A3956D46DE8}") = "tests", "tests", "{24D3E362-C563-42A9-B6B0-4751EB15AAD0}"
EndProject
Project("{2150E333-8FDC-42A3-9474-1A3956D46DE8}") = "src", "src", "{39C4C30E-B698-4768-BC1B-AD3868E4F435}"
EndProject
Project("{FAE04EC0-301F-11D3-BF4B-00C04F79EFBC}") = "FoodRocket.Services.Identity.Core", "..\FoodRocket.Services.Identity\src\FoodRocket.Services.Identity.Core\FoodRocket.Services.Identity.Core.csproj", "{FAE308C4-8687-4C3B-B1AF-6DB6A8EC9EF4}"
EndProject
Project("{FAE04EC0-301F-11D3-BF4B-00C04F79EFBC}") = "FoodRocket.Services.Inventory.Application", "..\FoodRocket.Services.Inventory\src\FoodRocket.Services.Inventory.Application\FoodRocket.Services.Inventory.Application.csproj", "{BD957445-7CCF-4D59-AEFE-F228080C1001}"
EndProject
Project("{FAE04EC0-301F-11D3-BF4B-00C04F79EFBC}") = "FoodRocket.Services.Inventory.Infrastructure", "..\FoodRocket.Services.Inventory\src\FoodRocket.Services.Inventory.Infrastructure\FoodRocket.Services.Inventory.Infrastructure.csproj", "{5FE620E5-C805-42D1-9498-D9805C3204D7}"
EndProject
Project("{FAE04EC0-301F-11D3-BF4B-00C04F79EFBC}") = "FoodRocket.Services.Inventory.Api", "..\FoodRocket.Services.Inventory\src\FoodRocket.Services.Inventory.Api\FoodRocket.Services.Inventory.Api.csproj", "{F1AB3CD3-AD79-4BBE-8EB1-161BFE041D7D}"
EndProject
Project("{FAE04EC0-301F-11D3-BF4B-00C04F79EFBC}") = "FoodRocket.Services.Identity.Core", "..\FoodRocket.Services.Identity\src\FoodRocket.Services.Identity.Core\FoodRocket.Services.Identity.Core.csproj", "{D1B4A648-2CF7-4304-B93B-D48B6A9158AF}"
EndProject
Project("{FAE04EC0-301F-11D3-BF4B-00C04F79EFBC}") = "FoodRocket.Services.Identity.Application", "..\FoodRocket.Services.Identity\src\FoodRocket.Services.Identity.Application\FoodRocket.Services.Identity.Application.csproj", "{DDA903FB-8CB1-4D88-9F2F-4C65BFC5B799}"
EndProject
Project("{FAE04EC0-301F-11D3-BF4B-00C04F79EFBC}") = "FoodRocket.Services.Identity.Infrastructure", "..\FoodRocket.Services.Identity\src\FoodRocket.Services.Identity.Infrastructure\FoodRocket.Services.Identity.Infrastructure.csproj", "{87C78A01-7840-42E6-BE6E-072D2E1CD819}"
EndProject
Project("{FAE04EC0-301F-11D3-BF4B-00C04F79EFBC}") = "FoodRocket.Services.Identity.Api", "..\FoodRocket.Services.Identity\src\FoodRocket.Services.Identity.Api\FoodRocket.Services.Identity.Api.csproj", "{D5F92A72-0EA4-489E-899D-9463BEAF590A}"
EndProject
Project("{2150E333-8FDC-42A3-9474-1A3956D46DE8}") = "FoodRocket.Services.Tornado", "FoodRocket.Services.Tornado", "{E00CD57B-17BA-4C3D-AD28-2D3C6DB2D808}"
EndProject
Project("{2150E333-8FDC-42A3-9474-1A3956D46DE8}") = "src", "src", "{C3A18762-11C2-4CE0-9437-0E3D31B9D48E}"
EndProject
Project("{2150E333-8FDC-42A3-9474-1A3956D46DE8}") = "tests", "tests", "{F1DAD1E2-1489-4B4D-A96E-D7454CF7AFB8}"
EndProject
Project("{FAE04EC0-301F-11D3-BF4B-00C04F79EFBC}") = "FoodRocket.Services.Tornado.Application", "..\FoodRocket.Services.Tornado\src\FoodRocket.Services.Tornado.Application\FoodRocket.Services.Tornado.Application.csproj", "{2BD1B16E-46AE-4E08-B0D7-674BCC8EDAE0}"
EndProject
Project("{FAE04EC0-301F-11D3-BF4B-00C04F79EFBC}") = "FoodRocket.Services.Tornado.Infrastructure", "..\FoodRocket.Services.Tornado\src\FoodRocket.Services.Tornado.Infrastructure\FoodRocket.Services.Tornado.Infrastructure.csproj", "{E9E4678D-BDC6-4557-8CF3-DA3C6369F70C}"
EndProject
Project("{FAE04EC0-301F-11D3-BF4B-00C04F79EFBC}") = "FoodRocket.Services.Tornado.Api", "..\FoodRocket.Services.Tornado\src\FoodRocket.Services.Tornado.Api\FoodRocket.Services.Tornado.Api.csproj", "{3ABC0AEE-B938-442E-A53A-B74F8D6273F4}"
EndProject
Global
	GlobalSection(SolutionConfigurationPlatforms) = preSolution
		Debug|Any CPU = Debug|Any CPU
		Release|Any CPU = Release|Any CPU
	EndGlobalSection
	GlobalSection(NestedProjects) = preSolution
		{5EEF0784-02D8-4423-A4E9-55313781BD72} = {1C2085FB-771B-4BEA-8474-3B088AA7DC5C}
		{D9B045C8-FF18-42AD-90FA-69B5A5C5F329} = {1C2085FB-771B-4BEA-8474-3B088AA7DC5C}
		{0F28CEEE-4ACC-44F2-8752-057E788B9359} = {CBD030EF-30C8-4EB8-942A-CA5FFF167FC8}
		{0C5B7079-C28D-4A33-87B3-47F9AF566388} = {CBD030EF-30C8-4EB8-942A-CA5FFF167FC8}
		{E22D9765-66B6-4283-81D7-69AB45F92508} = {4E9A390E-314E-42BD-9199-9580B87E0808}
		{93E51F4F-16C1-4BA9-8562-350AE5FC9650} = {4E9A390E-314E-42BD-9199-9580B87E0808}
		{1FFB836B-03D4-435F-BFED-36242BA5AECF} = {2C22FF73-8DD7-44C8-900C-D0E4CC115097}
		{38628D73-42F5-490E-AC61-789AFEB97724} = {2C22FF73-8DD7-44C8-900C-D0E4CC115097}
		{DE55F94B-0345-4192-8268-76D5F598122C} = {8DD4FBBE-7608-4618-8A58-3ECDF414BE81}
		{615BD06C-C81F-452C-953D-C6AC7D7480C2} = {8DD4FBBE-7608-4618-8A58-3ECDF414BE81}
		{D5510F6C-DD1E-4907-AB79-2CF7332BA879} = {D3B53E1E-777D-41F8-914A-DC498E2D2951}
		{EFABC17F-FBC9-468E-9C30-EEB3B993C095} = {D3B53E1E-777D-41F8-914A-DC498E2D2951}
		{FE287896-2615-4947-A6C0-C4DE65B77DC1} = {53BB974A-2BD4-485B-B7EF-AF912905E287}
		{931FB267-7886-4D19-85A9-3F12B94BB36A} = {53BB974A-2BD4-485B-B7EF-AF912905E287}
		{24D3E362-C563-42A9-B6B0-4751EB15AAD0} = {34407AE5-2BF2-4C37-97F5-804325D683F1}
		{39C4C30E-B698-4768-BC1B-AD3868E4F435} = {34407AE5-2BF2-4C37-97F5-804325D683F1}
		{FAE308C4-8687-4C3B-B1AF-6DB6A8EC9EF4} = {1FFB836B-03D4-435F-BFED-36242BA5AECF}
		{BD957445-7CCF-4D59-AEFE-F228080C1001} = {1FFB836B-03D4-435F-BFED-36242BA5AECF}
		{5FE620E5-C805-42D1-9498-D9805C3204D7} = {1FFB836B-03D4-435F-BFED-36242BA5AECF}
		{F1AB3CD3-AD79-4BBE-8EB1-161BFE041D7D} = {1FFB836B-03D4-435F-BFED-36242BA5AECF}
		{D1B4A648-2CF7-4304-B93B-D48B6A9158AF} = {E22D9765-66B6-4283-81D7-69AB45F92508}
		{DDA903FB-8CB1-4D88-9F2F-4C65BFC5B799} = {E22D9765-66B6-4283-81D7-69AB45F92508}
		{87C78A01-7840-42E6-BE6E-072D2E1CD819} = {E22D9765-66B6-4283-81D7-69AB45F92508}
		{D5F92A72-0EA4-489E-899D-9463BEAF590A} = {E22D9765-66B6-4283-81D7-69AB45F92508}
		{C3A18762-11C2-4CE0-9437-0E3D31B9D48E} = {E00CD57B-17BA-4C3D-AD28-2D3C6DB2D808}
		{F1DAD1E2-1489-4B4D-A96E-D7454CF7AFB8} = {E00CD57B-17BA-4C3D-AD28-2D3C6DB2D808}
		{2BD1B16E-46AE-4E08-B0D7-674BCC8EDAE0} = {C3A18762-11C2-4CE0-9437-0E3D31B9D48E}
		{E9E4678D-BDC6-4557-8CF3-DA3C6369F70C} = {C3A18762-11C2-4CE0-9437-0E3D31B9D48E}
		{3ABC0AEE-B938-442E-A53A-B74F8D6273F4} = {C3A18762-11C2-4CE0-9437-0E3D31B9D48E}
	EndGlobalSection
	GlobalSection(ProjectConfigurationPlatforms) = postSolution
		{FAE308C4-8687-4C3B-B1AF-6DB6A8EC9EF4}.Debug|Any CPU.ActiveCfg = Debug|Any CPU
		{FAE308C4-8687-4C3B-B1AF-6DB6A8EC9EF4}.Debug|Any CPU.Build.0 = Debug|Any CPU
		{FAE308C4-8687-4C3B-B1AF-6DB6A8EC9EF4}.Release|Any CPU.ActiveCfg = Release|Any CPU
		{FAE308C4-8687-4C3B-B1AF-6DB6A8EC9EF4}.Release|Any CPU.Build.0 = Release|Any CPU
		{BD957445-7CCF-4D59-AEFE-F228080C1001}.Debug|Any CPU.ActiveCfg = Debug|Any CPU
		{BD957445-7CCF-4D59-AEFE-F228080C1001}.Debug|Any CPU.Build.0 = Debug|Any CPU
		{BD957445-7CCF-4D59-AEFE-F228080C1001}.Release|Any CPU.ActiveCfg = Release|Any CPU
		{BD957445-7CCF-4D59-AEFE-F228080C1001}.Release|Any CPU.Build.0 = Release|Any CPU
		{5FE620E5-C805-42D1-9498-D9805C3204D7}.Debug|Any CPU.ActiveCfg = Debug|Any CPU
		{5FE620E5-C805-42D1-9498-D9805C3204D7}.Debug|Any CPU.Build.0 = Debug|Any CPU
		{5FE620E5-C805-42D1-9498-D9805C3204D7}.Release|Any CPU.ActiveCfg = Release|Any CPU
		{5FE620E5-C805-42D1-9498-D9805C3204D7}.Release|Any CPU.Build.0 = Release|Any CPU
		{F1AB3CD3-AD79-4BBE-8EB1-161BFE041D7D}.Debug|Any CPU.ActiveCfg = Debug|Any CPU
		{F1AB3CD3-AD79-4BBE-8EB1-161BFE041D7D}.Debug|Any CPU.Build.0 = Debug|Any CPU
		{F1AB3CD3-AD79-4BBE-8EB1-161BFE041D7D}.Release|Any CPU.ActiveCfg = Release|Any CPU
		{F1AB3CD3-AD79-4BBE-8EB1-161BFE041D7D}.Release|Any CPU.Build.0 = Release|Any CPU
		{D1B4A648-2CF7-4304-B93B-D48B6A9158AF}.Debug|Any CPU.ActiveCfg = Debug|Any CPU
		{D1B4A648-2CF7-4304-B93B-D48B6A9158AF}.Debug|Any CPU.Build.0 = Debug|Any CPU
		{D1B4A648-2CF7-4304-B93B-D48B6A9158AF}.Release|Any CPU.ActiveCfg = Release|Any CPU
		{D1B4A648-2CF7-4304-B93B-D48B6A9158AF}.Release|Any CPU.Build.0 = Release|Any CPU
		{DDA903FB-8CB1-4D88-9F2F-4C65BFC5B799}.Debug|Any CPU.ActiveCfg = Debug|Any CPU
		{DDA903FB-8CB1-4D88-9F2F-4C65BFC5B799}.Debug|Any CPU.Build.0 = Debug|Any CPU
		{DDA903FB-8CB1-4D88-9F2F-4C65BFC5B799}.Release|Any CPU.ActiveCfg = Release|Any CPU
		{DDA903FB-8CB1-4D88-9F2F-4C65BFC5B799}.Release|Any CPU.Build.0 = Release|Any CPU
		{87C78A01-7840-42E6-BE6E-072D2E1CD819}.Debug|Any CPU.ActiveCfg = Debug|Any CPU
		{87C78A01-7840-42E6-BE6E-072D2E1CD819}.Debug|Any CPU.Build.0 = Debug|Any CPU
		{87C78A01-7840-42E6-BE6E-072D2E1CD819}.Release|Any CPU.ActiveCfg = Release|Any CPU
		{87C78A01-7840-42E6-BE6E-072D2E1CD819}.Release|Any CPU.Build.0 = Release|Any CPU
		{D5F92A72-0EA4-489E-899D-9463BEAF590A}.Debug|Any CPU.ActiveCfg = Debug|Any CPU
		{D5F92A72-0EA4-489E-899D-9463BEAF590A}.Debug|Any CPU.Build.0 = Debug|Any CPU
		{D5F92A72-0EA4-489E-899D-9463BEAF590A}.Release|Any CPU.ActiveCfg = Release|Any CPU
		{D5F92A72-0EA4-489E-899D-9463BEAF590A}.Release|Any CPU.Build.0 = Release|Any CPU
		{2BD1B16E-46AE-4E08-B0D7-674BCC8EDAE0}.Debug|Any CPU.ActiveCfg = Debug|Any CPU
		{2BD1B16E-46AE-4E08-B0D7-674BCC8EDAE0}.Debug|Any CPU.Build.0 = Debug|Any CPU
		{2BD1B16E-46AE-4E08-B0D7-674BCC8EDAE0}.Release|Any CPU.ActiveCfg = Release|Any CPU
		{2BD1B16E-46AE-4E08-B0D7-674BCC8EDAE0}.Release|Any CPU.Build.0 = Release|Any CPU
		{E9E4678D-BDC6-4557-8CF3-DA3C6369F70C}.Debug|Any CPU.ActiveCfg = Debug|Any CPU
		{E9E4678D-BDC6-4557-8CF3-DA3C6369F70C}.Debug|Any CPU.Build.0 = Debug|Any CPU
		{E9E4678D-BDC6-4557-8CF3-DA3C6369F70C}.Release|Any CPU.ActiveCfg = Release|Any CPU
		{E9E4678D-BDC6-4557-8CF3-DA3C6369F70C}.Release|Any CPU.Build.0 = Release|Any CPU
		{3ABC0AEE-B938-442E-A53A-B74F8D6273F4}.Debug|Any CPU.ActiveCfg = Debug|Any CPU
		{3ABC0AEE-B938-442E-A53A-B74F8D6273F4}.Debug|Any CPU.Build.0 = Debug|Any CPU
		{3ABC0AEE-B938-442E-A53A-B74F8D6273F4}.Release|Any CPU.ActiveCfg = Release|Any CPU
		{3ABC0AEE-B938-442E-A53A-B74F8D6273F4}.Release|Any CPU.Build.0 = Release|Any CPU
	EndGlobalSection
EndGlobal
