
Microsoft Visual Studio Solution File, Format Version 12.00
# Visual Studio Version 17
VisualStudioVersion = 17.2.32526.322
MinimumVisualStudioVersion = 10.0.40219.1
Project("{9A19103F-16F7-4668-BE54-9A1E7A4F7556}") = "FoodRocket.Services.Tornado.Infrastructure", "src\FoodRocket.Services.Tornado.Infrastructure\FoodRocket.Services.Tornado.Infrastructure.csproj", "{714FA868-447E-4508-A85E-4D0EFD87DB79}"
EndProject
Project("{9A19103F-16F7-4668-BE54-9A1E7A4F7556}") = "FoodRocket.Services.Tornado.Application", "src\FoodRocket.Services.Tornado.Application\FoodRocket.Services.Tornado.Application.csproj", "{9C6DEDF5-CD8A-4436-9CEE-0D9D8D554275}"
EndProject
Project("{9A19103F-16F7-4668-BE54-9A1E7A4F7556}") = "FoodRocket.Services.Tornado.Api", "src\FoodRocket.Services.Tornado.Api\FoodRocket.Services.Tornado.Api.csproj", "{07B78037-C328-4716-9747-3E6645DD7A1A}"
EndProject
Project("{2150E333-8FDC-42A3-9474-1A3956D46DE8}") = "src", "src", "{036C58A9-E1B6-445E-AE96-8BF478051865}"
EndProject
Project("{2150E333-8FDC-42A3-9474-1A3956D46DE8}") = "tests", "tests", "{2389E05C-9A45-442C-996E-C66223877FAC}"
EndProject
Global
	GlobalSection(SolutionConfigurationPlatforms) = preSolution
		Debug|Any CPU = Debug|Any CPU
		Release|Any CPU = Release|Any CPU
	EndGlobalSection
	GlobalSection(ProjectConfigurationPlatforms) = postSolution
		{714FA868-447E-4508-A85E-4D0EFD87DB79}.Debug|Any CPU.ActiveCfg = Debug|Any CPU
		{714FA868-447E-4508-A85E-4D0EFD87DB79}.Debug|Any CPU.Build.0 = Debug|Any CPU
		{714FA868-447E-4508-A85E-4D0EFD87DB79}.Release|Any CPU.ActiveCfg = Release|Any CPU
		{714FA868-447E-4508-A85E-4D0EFD87DB79}.Release|Any CPU.Build.0 = Release|Any CPU
		{9C6DEDF5-CD8A-4436-9CEE-0D9D8D554275}.Debug|Any CPU.ActiveCfg = Debug|Any CPU
		{9C6DEDF5-CD8A-4436-9CEE-0D9D8D554275}.Debug|Any CPU.Build.0 = Debug|Any CPU
		{9C6DEDF5-CD8A-4436-9CEE-0D9D8D554275}.Release|Any CPU.ActiveCfg = Release|Any CPU
		{9C6DEDF5-CD8A-4436-9CEE-0D9D8D554275}.Release|Any CPU.Build.0 = Release|Any CPU
		{07B78037-C328-4716-9747-3E6645DD7A1A}.Debug|Any CPU.ActiveCfg = Debug|Any CPU
		{07B78037-C328-4716-9747-3E6645DD7A1A}.Debug|Any CPU.Build.0 = Debug|Any CPU
		{07B78037-C328-4716-9747-3E6645DD7A1A}.Release|Any CPU.ActiveCfg = Release|Any CPU
		{07B78037-C328-4716-9747-3E6645DD7A1A}.Release|Any CPU.Build.0 = Release|Any CPU
	EndGlobalSection
	GlobalSection(SolutionProperties) = preSolution
		HideSolutionNode = FALSE
	EndGlobalSection
	GlobalSection(NestedProjects) = preSolution
		{714FA868-447E-4508-A85E-4D0EFD87DB79} = {036C58A9-E1B6-445E-AE96-8BF478051865}
		{9C6DEDF5-CD8A-4436-9CEE-0D9D8D554275} = {036C58A9-E1B6-445E-AE96-8BF478051865}
		{07B78037-C328-4716-9747-3E6645DD7A1A} = {036C58A9-E1B6-445E-AE96-8BF478051865}
	EndGlobalSection
	GlobalSection(ExtensibilityGlobals) = postSolution
		SolutionGuid = {A28C8A12-B31C-44B8-B4DF-5412DD0633A1}
	EndGlobalSection
EndGlobal
